{"1.1.0",
[{<<"epgsql">>,{pkg,<<"epgsql">>,<<"4.2.1">>},0},
 {<<"gleam_stdlib">>,{pkg,<<"gleam_stdlib">>,<<"0.2.0">>},0}]}.
[
{pkg_hash,[
 {<<"epgsql">>, <<"5B8A6C4EA3AE981E946798BE388D29434B0AC857E8B4B1E4CCB9ED726345D54B">>},
 {<<"gleam_stdlib">>, <<"A711E3BDEFE7C50A67389FAF80CC9BF0E14EBFD4CC33466032BD3AE59ACD7481">>}]}
].
